
Microsoft Visual Studio Solution File, Format Version 11.00
# Visual Studio 2010
Project("{FAE04EC0-301F-11D3-BF4B-00C04F79EFBC}") = "Digital", "Digital\Digital.csproj", "{B3F7BB5C-7C14-4CAB-BB6C-299D4DD8DA2E}"
EndProject
Project("{2150E333-8FDC-42A3-9474-1A3956D46DE8}") = "Solution Items", "Solution Items", "{9AB836AD-F8BD-4B96-8CFD-7342B0E79DE1}"
	ProjectSection(SolutionItems) = preProject
		Digital.vsmdi = Digital.vsmdi
		Local.testsettings = Local.testsettings
		TraceAndTestImpact.testsettings = TraceAndTestImpact.testsettings
	EndProjectSection
EndProject
Global
	GlobalSection(TestCaseManagementSettings) = postSolution
		CategoryFile = Digital.vsmdi
	EndGlobalSection
	GlobalSection(SolutionConfigurationPlatforms) = preSolution
		Debug|Any CPU = Debug|Any CPU
		Release|Any CPU = Release|Any CPU
	EndGlobalSection
	GlobalSection(ProjectConfigurationPlatforms) = postSolution
		{B3F7BB5C-7C14-4CAB-BB6C-299D4DD8DA2E}.Debug|Any CPU.ActiveCfg = Debug|Any CPU
		{B3F7BB5C-7C14-4CAB-BB6C-299D4DD8DA2E}.Debug|Any CPU.Build.0 = Debug|Any CPU
		{B3F7BB5C-7C14-4CAB-BB6C-299D4DD8DA2E}.Release|Any CPU.ActiveCfg = Release|Any CPU
		{B3F7BB5C-7C14-4CAB-BB6C-299D4DD8DA2E}.Release|Any CPU.Build.0 = Release|Any CPU
	EndGlobalSection
	GlobalSection(SolutionProperties) = preSolution
		HideSolutionNode = FALSE
	EndGlobalSection
EndGlobal
